
Microsoft Visual Studio Solution File, Format Version 12.00
# Visual Studio 15
VisualStudioVersion = 15.0.27130.2027
MinimumVisualStudioVersion = 10.0.40219.1
Project("{FAE04EC0-301F-11D3-BF4B-00C04F79EFBC}") = "ClassLibrary1", "ClassLibrary1\ClassLibrary1.csproj", "{80A5FC57-87BF-4B24-86AE-C9AC682D7BBE}"
EndProject
Project("{FAE04EC0-301F-11D3-BF4B-00C04F79EFBC}") = "UnitTestProject1", "UnitTestProject1\UnitTestProject1.csproj", "{806D776B-13BF-4214-B071-68A8E00E97FD}"
EndProject
Global
	GlobalSection(SolutionConfigurationPlatforms) = preSolution
		Debug|Any CPU = Debug|Any CPU
		Release|Any CPU = Release|Any CPU
	EndGlobalSection
	GlobalSection(ProjectConfigurationPlatforms) = postSolution
		{80A5FC57-87BF-4B24-86AE-C9AC682D7BBE}.Debug|Any CPU.ActiveCfg = Debug|Any CPU
		{80A5FC57-87BF-4B24-86AE-C9AC682D7BBE}.Debug|Any CPU.Build.0 = Debug|Any CPU
		{80A5FC57-87BF-4B24-86AE-C9AC682D7BBE}.Release|Any CPU.ActiveCfg = Release|Any CPU
		{80A5FC57-87BF-4B24-86AE-C9AC682D7BBE}.Release|Any CPU.Build.0 = Release|Any CPU
		{806D776B-13BF-4214-B071-68A8E00E97FD}.Debug|Any CPU.ActiveCfg = Debug|Any CPU
		{806D776B-13BF-4214-B071-68A8E00E97FD}.Debug|Any CPU.Build.0 = Debug|Any CPU
		{806D776B-13BF-4214-B071-68A8E00E97FD}.Release|Any CPU.ActiveCfg = Release|Any CPU
		{806D776B-13BF-4214-B071-68A8E00E97FD}.Release|Any CPU.Build.0 = Release|Any CPU
	EndGlobalSection
	GlobalSection(SolutionProperties) = preSolution
		HideSolutionNode = FALSE
	EndGlobalSection
	GlobalSection(ExtensibilityGlobals) = postSolution
		SolutionGuid = {EA462141-E5D3-42B3-93FD-3528E2D44E3A}
	EndGlobalSection
EndGlobal
